// !$*UTF8*$!
{
	archiveVersion = 1;
	classes = {
	};
	objectVersion = 46;
	objects = {

/* Begin PBXBuildFile section */
		B664E7EA1C2FA363003A51D6 /* RecordedAudio.swift in Sources */ = {isa = PBXBuildFile; fileRef = B664E7E91C2FA363003A51D6 /* RecordedAudio.swift */; };
		B6BE31131C2ECCD600C242CD /* AppDelegate.swift in Sources */ = {isa = PBXBuildFile; fileRef = B6BE31121C2ECCD600C242CD /* AppDelegate.swift */; };
		B6BE31151C2ECCD600C242CD /* RecordSoundViewController.swift in Sources */ = {isa = PBXBuildFile; fileRef = B6BE31141C2ECCD600C242CD /* RecordSoundViewController.swift */; };
		B6BE31181C2ECCD600C242CD /* Main.storyboard in Resources */ = {isa = PBXBuildFile; fileRef = B6BE31161C2ECCD600C242CD /* Main.storyboard */; };
		B6BE311A1C2ECCD600C242CD /* Images.xcassets in Resources */ = {isa = PBXBuildFile; fileRef = B6BE31191C2ECCD600C242CD /* Images.xcassets */; };
		B6BE311D1C2ECCD600C242CD /* LaunchScreen.xib in Resources */ = {isa = PBXBuildFile; fileRef = B6BE311B1C2ECCD600C242CD /* LaunchScreen.xib */; };
		B6BE31291C2ECCD600C242CD /* VoiceRecorderTests.swift in Sources */ = {isa = PBXBuildFile; fileRef = B6BE31281C2ECCD600C242CD /* VoiceRecorderTests.swift */; };
		B6BE31351C2EEC5F00C242CD /* fear.mp3 in Resources */ = {isa = PBXBuildFile; fileRef = B6BE31341C2EEC5F00C242CD /* fear.mp3 */; };
		B6BE31391C2EF28E00C242CD /* PlaySoundsViewController.swift in Sources */ = {isa = PBXBuildFile; fileRef = B6BE31381C2EF28E00C242CD /* PlaySoundsViewController.swift */; };
/* End PBXBuildFile section */

/* Begin PBXContainerItemProxy section */
		B6BE31231C2ECCD600C242CD /* PBXContainerItemProxy */ = {
			isa = PBXContainerItemProxy;
			containerPortal = B6BE31051C2ECCD600C242CD /* Project object */;
			proxyType = 1;
			remoteGlobalIDString = B6BE310C1C2ECCD600C242CD;
			remoteInfo = VoiceRecorder;
		};
/* End PBXContainerItemProxy section */

/* Begin PBXFileReference section */
		B664E7E91C2FA363003A51D6 /* RecordedAudio.swift */ = {isa = PBXFileReference; fileEncoding = 4; lastKnownFileType = sourcecode.swift; path = RecordedAudio.swift; sourceTree = "<group>"; };
		B6BE310D1C2ECCD600C242CD /* VoiceRecorder.app */ = {isa = PBXFileReference; explicitFileType = wrapper.application; includeInIndex = 0; path = VoiceRecorder.app; sourceTree = BUILT_PRODUCTS_DIR; };
		B6BE31111C2ECCD600C242CD /* Info.plist */ = {isa = PBXFileReference; lastKnownFileType = text.plist.xml; path = Info.plist; sourceTree = "<group>"; };
		B6BE31121C2ECCD600C242CD /* AppDelegate.swift */ = {isa = PBXFileReference; lastKnownFileType = sourcecode.swift; path = AppDelegate.swift; sourceTree = "<group>"; };
		B6BE31141C2ECCD600C242CD /* RecordSoundViewController.swift */ = {isa = PBXFileReference; lastKnownFileType = sourcecode.swift; path = RecordSoundViewController.swift; sourceTree = "<group>"; };
		B6BE31171C2ECCD600C242CD /* Base */ = {isa = PBXFileReference; lastKnownFileType = file.storyboard; name = Base; path = Base.lproj/Main.storyboard; sourceTree = "<group>"; };
		B6BE31191C2ECCD600C242CD /* Images.xcassets */ = {isa = PBXFileReference; lastKnownFileType = folder.assetcatalog; path = Images.xcassets; sourceTree = "<group>"; };
		B6BE311C1C2ECCD600C242CD /* Base */ = {isa = PBXFileReference; lastKnownFileType = file.xib; name = Base; path = Base.lproj/LaunchScreen.xib; sourceTree = "<group>"; };
		B6BE31221C2ECCD600C242CD /* VoiceRecorderTests.xctest */ = {isa = PBXFileReference; explicitFileType = wrapper.cfbundle; includeInIndex = 0; path = VoiceRecorderTests.xctest; sourceTree = BUILT_PRODUCTS_DIR; };
		B6BE31271C2ECCD600C242CD /* Info.plist */ = {isa = PBXFileReference; lastKnownFileType = text.plist.xml; path = Info.plist; sourceTree = "<group>"; };
		B6BE31281C2ECCD600C242CD /* VoiceRecorderTests.swift */ = {isa = PBXFileReference; lastKnownFileType = sourcecode.swift; path = VoiceRecorderTests.swift; sourceTree = "<group>"; };
		B6BE31341C2EEC5F00C242CD /* fear.mp3 */ = {isa = PBXFileReference; lastKnownFileType = audio.mp3; name = fear.mp3; path = ../../../Downloads/fear.mp3; sourceTree = "<group>"; };
		B6BE31381C2EF28E00C242CD /* PlaySoundsViewController.swift */ = {isa = PBXFileReference; fileEncoding = 4; lastKnownFileType = sourcecode.swift; path = PlaySoundsViewController.swift; sourceTree = "<group>"; };
/* End PBXFileReference section */

/* Begin PBXFrameworksBuildPhase section */
		B6BE310A1C2ECCD600C242CD /* Frameworks */ = {
			isa = PBXFrameworksBuildPhase;
			buildActionMask = 2147483647;
			files = (
			);
			runOnlyForDeploymentPostprocessing = 0;
		};
		B6BE311F1C2ECCD600C242CD /* Frameworks */ = {
			isa = PBXFrameworksBuildPhase;
			buildActionMask = 2147483647;
			files = (
			);
			runOnlyForDeploymentPostprocessing = 0;
		};
/* End PBXFrameworksBuildPhase section */

/* Begin PBXGroup section */
		B6BE31041C2ECCD600C242CD = {
			isa = PBXGroup;
			children = (
				B6BE310F1C2ECCD600C242CD /* VoiceRecorder */,
				B6BE31251C2ECCD600C242CD /* VoiceRecorderTests */,
				B6BE310E1C2ECCD600C242CD /* Products */,
			);
			sourceTree = "<group>";
		};
		B6BE310E1C2ECCD600C242CD /* Products */ = {
			isa = PBXGroup;
			children = (
				B6BE310D1C2ECCD600C242CD /* VoiceRecorder.app */,
				B6BE31221C2ECCD600C242CD /* VoiceRecorderTests.xctest */,
			);
			name = Products;
			sourceTree = "<group>";
		};
		B6BE310F1C2ECCD600C242CD /* VoiceRecorder */ = {
			isa = PBXGroup;
			children = (
				B6BE31121C2ECCD600C242CD /* AppDelegate.swift */,
				B6BE31141C2ECCD600C242CD /* RecordSoundViewController.swift */,
				B664E7E91C2FA363003A51D6 /* RecordedAudio.swift */,
				B6BE31161C2ECCD600C242CD /* Main.storyboard */,
				B6BE31191C2ECCD600C242CD /* Images.xcassets */,
				B6BE311B1C2ECCD600C242CD /* LaunchScreen.xib */,
				B6BE31101C2ECCD600C242CD /* Supporting Files */,
				B6BE31381C2EF28E00C242CD /* PlaySoundsViewController.swift */,
			);
			path = VoiceRecorder;
			sourceTree = "<group>";
		};
		B6BE31101C2ECCD600C242CD /* Supporting Files */ = {
			isa = PBXGroup;
			children = (
				B6BE31341C2EEC5F00C242CD /* fear.mp3 */,
				B6BE31111C2ECCD600C242CD /* Info.plist */,
			);
			name = "Supporting Files";
			sourceTree = "<group>";
		};
		B6BE31251C2ECCD600C242CD /* VoiceRecorderTests */ = {
			isa = PBXGroup;
			children = (
				B6BE31281C2ECCD600C242CD /* VoiceRecorderTests.swift */,
				B6BE31261C2ECCD600C242CD /* Supporting Files */,
			);
			path = VoiceRecorderTests;
			sourceTree = "<group>";
		};
		B6BE31261C2ECCD600C242CD /* Supporting Files */ = {
			isa = PBXGroup;
			children = (
				B6BE31271C2ECCD600C242CD /* Info.plist */,
			);
			name = "Supporting Files";
			sourceTree = "<group>";
		};
/* End PBXGroup section */

/* Begin PBXNativeTarget section */
		B6BE310C1C2ECCD600C242CD /* VoiceRecorder */ = {
			isa = PBXNativeTarget;
			buildConfigurationList = B6BE312C1C2ECCD600C242CD /* Build configuration list for PBXNativeTarget "VoiceRecorder" */;
			buildPhases = (
				B6BE31091C2ECCD600C242CD /* Sources */,
				B6BE310A1C2ECCD600C242CD /* Frameworks */,
				B6BE310B1C2ECCD600C242CD /* Resources */,
			);
			buildRules = (
			);
			dependencies = (
			);
			name = VoiceRecorder;
			productName = VoiceRecorder;
			productReference = B6BE310D1C2ECCD600C242CD /* VoiceRecorder.app */;
			productType = "com.apple.product-type.application";
		};
		B6BE31211C2ECCD600C242CD /* VoiceRecorderTests */ = {
			isa = PBXNativeTarget;
			buildConfigurationList = B6BE312F1C2ECCD600C242CD /* Build configuration list for PBXNativeTarget "VoiceRecorderTests" */;
			buildPhases = (
				B6BE311E1C2ECCD600C242CD /* Sources */,
				B6BE311F1C2ECCD600C242CD /* Frameworks */,
				B6BE31201C2ECCD600C242CD /* Resources */,
			);
			buildRules = (
			);
			dependencies = (
				B6BE31241C2ECCD600C242CD /* PBXTargetDependency */,
			);
			name = VoiceRecorderTests;
			productName = VoiceRecorderTests;
			productReference = B6BE31221C2ECCD600C242CD /* VoiceRecorderTests.xctest */;
			productType = "com.apple.product-type.bundle.unit-test";
		};
/* End PBXNativeTarget section */

/* Begin PBXProject section */
		B6BE31051C2ECCD600C242CD /* Project object */ = {
			isa = PBXProject;
			attributes = {
				LastUpgradeCheck = 0600;
				ORGANIZATIONNAME = "Chris Yu";
				TargetAttributes = {
					B6BE310C1C2ECCD600C242CD = {
						CreatedOnToolsVersion = 6.0.1;
					};
					B6BE31211C2ECCD600C242CD = {
						CreatedOnToolsVersion = 6.0.1;
						TestTargetID = B6BE310C1C2ECCD600C242CD;
					};
				};
			};
			buildConfigurationList = B6BE31081C2ECCD600C242CD /* Build configuration list for PBXProject "VoiceRecorder" */;
			compatibilityVersion = "Xcode 3.2";
			developmentRegion = English;
			hasScannedForEncodings = 0;
			knownRegions = (
				en,
				Base,
			);
			mainGroup = B6BE31041C2ECCD600C242CD;
			productRefGroup = B6BE310E1C2ECCD600C242CD /* Products */;
			projectDirPath = "";
			projectRoot = "";
			targets = (
				B6BE310C1C2ECCD600C242CD /* VoiceRecorder */,
				B6BE31211C2ECCD600C242CD /* VoiceRecorderTests */,
			);
		};
/* End PBXProject section */

/* Begin PBXResourcesBuildPhase section */
		B6BE310B1C2ECCD600C242CD /* Resources */ = {
			isa = PBXResourcesBuildPhase;
			buildActionMask = 2147483647;
			files = (
				B6BE31351C2EEC5F00C242CD /* fear.mp3 in Resources */,
				B6BE31181C2ECCD600C242CD /* Main.storyboard in Resources */,
				B6BE311D1C2ECCD600C242CD /* LaunchScreen.xib in Resources */,
				B6BE311A1C2ECCD600C242CD /* Images.xcassets in Resources */,
			);
			runOnlyForDeploymentPostprocessing = 0;
		};
		B6BE31201C2ECCD600C242CD /* Resources */ = {
			isa = PBXResourcesBuildPhase;
			buildActionMask = 2147483647;
			files = (
			);
			runOnlyForDeploymentPostprocessing = 0;
		};
/* End PBXResourcesBuildPhase section */

/* Begin PBXSourcesBuildPhase section */
		B6BE31091C2ECCD600C242CD /* Sources */ = {
			isa = PBXSourcesBuildPhase;
			buildActionMask = 2147483647;
			files = (
				B664E7EA1C2FA363003A51D6 /* RecordedAudio.swift in Sources */,
				B6BE31151C2ECCD600C242CD /* RecordSoundViewController.swift in Sources */,
				B6BE31391C2EF28E00C242CD /* PlaySoundsViewController.swift in Sources */,
				B6BE31131C2ECCD600C242CD /* AppDelegate.swift in Sources */,
			);
			runOnlyForDeploymentPostprocessing = 0;
		};
		B6BE311E1C2ECCD600C242CD /* Sources */ = {
			isa = PBXSourcesBuildPhase;
			buildActionMask = 2147483647;
			files = (
				B6BE31291C2ECCD600C242CD /* VoiceRecorderTests.swift in Sources */,
			);
			runOnlyForDeploymentPostprocessing = 0;
		};
/* End PBXSourcesBuildPhase section */

/* Begin PBXTargetDependency section */
		B6BE31241C2ECCD600C242CD /* PBXTargetDependency */ = {
			isa = PBXTargetDependency;
			target = B6BE310C1C2ECCD600C242CD /* VoiceRecorder */;
			targetProxy = B6BE31231C2ECCD600C242CD /* PBXContainerItemProxy */;
		};
/* End PBXTargetDependency section */

/* Begin PBXVariantGroup section */
		B6BE31161C2ECCD600C242CD /* Main.storyboard */ = {
			isa = PBXVariantGroup;
			children = (
				B6BE31171C2ECCD600C242CD /* Base */,
			);
			name = Main.storyboard;
			sourceTree = "<group>";
		};
		B6BE311B1C2ECCD600C242CD /* LaunchScreen.xib */ = {
			isa = PBXVariantGroup;
			children = (
				B6BE311C1C2ECCD600C242CD /* Base */,
			);
			name = LaunchScreen.xib;
			sourceTree = "<group>";
		};
/* End PBXVariantGroup section */

/* Begin XCBuildConfiguration section */
		B6BE312A1C2ECCD600C242CD /* Debug */ = {
			isa = XCBuildConfiguration;
			buildSettings = {
				ALWAYS_SEARCH_USER_PATHS = NO;
				CLANG_CXX_LANGUAGE_STANDARD = "gnu++0x";
				CLANG_CXX_LIBRARY = "libc++";
				CLANG_ENABLE_MODULES = YES;
				CLANG_ENABLE_OBJC_ARC = YES;
				CLANG_WARN_BOOL_CONVERSION = YES;
				CLANG_WARN_CONSTANT_CONVERSION = YES;
				CLANG_WARN_DIRECT_OBJC_ISA_USAGE = YES_ERROR;
				CLANG_WARN_EMPTY_BODY = YES;
				CLANG_WARN_ENUM_CONVERSION = YES;
				CLANG_WARN_INT_CONVERSION = YES;
				CLANG_WARN_OBJC_ROOT_CLASS = YES_ERROR;
				CLANG_WARN_UNREACHABLE_CODE = YES;
				CLANG_WARN__DUPLICATE_METHOD_MATCH = YES;
				"CODE_SIGN_IDENTITY[sdk=iphoneos*]" = "iPhone Developer";
				COPY_PHASE_STRIP = NO;
				ENABLE_STRICT_OBJC_MSGSEND = YES;
				GCC_C_LANGUAGE_STANDARD = gnu99;
				GCC_DYNAMIC_NO_PIC = NO;
				GCC_OPTIMIZATION_LEVEL = 0;
				GCC_PREPROCESSOR_DEFINITIONS = (
					"DEBUG=1",
					"$(inherited)",
				);
				GCC_SYMBOLS_PRIVATE_EXTERN = NO;
				GCC_WARN_64_TO_32_BIT_CONVERSION = YES;
				GCC_WARN_ABOUT_RETURN_TYPE = YES_ERROR;
				GCC_WARN_UNDECLARED_SELECTOR = YES;
				GCC_WARN_UNINITIALIZED_AUTOS = YES_AGGRESSIVE;
				GCC_WARN_UNUSED_FUNCTION = YES;
				GCC_WARN_UNUSED_VARIABLE = YES;
				IPHONEOS_DEPLOYMENT_TARGET = 8.0;
				MTL_ENABLE_DEBUG_INFO = YES;
				ONLY_ACTIVE_ARCH = YES;
				SDKROOT = iphoneos;
				SWIFT_OPTIMIZATION_LEVEL = "-Onone";
			};
			name = Debug;
		};
		B6BE312B1C2ECCD600C242CD /* Release */ = {
			isa = XCBuildConfiguration;
			buildSettings = {
				ALWAYS_SEARCH_USER_PATHS = NO;
				CLANG_CXX_LANGUAGE_STANDARD = "gnu++0x";
				CLANG_CXX_LIBRARY = "libc++";
				CLANG_ENABLE_MODULES = YES;
				CLANG_ENABLE_OBJC_ARC = YES;
				CLANG_WARN_BOOL_CONVERSION = YES;
				CLANG_WARN_CONSTANT_CONVERSION = YES;
				CLANG_WARN_DIRECT_OBJC_ISA_USAGE = YES_ERROR;
				CLANG_WARN_EMPTY_BODY = YES;
				CLANG_WARN_ENUM_CONVERSION = YES;
				CLANG_WARN_INT_CONVERSION = YES;
				CLANG_WARN_OBJC_ROOT_CLASS = YES_ERROR;
				CLANG_WARN_UNREACHABLE_CODE = YES;
				CLANG_WARN__DUPLICATE_METHOD_MATCH = YES;
				"CODE_SIGN_IDENTITY[sdk=iphoneos*]" = "iPhone Developer";
				COPY_PHASE_STRIP = YES;
				ENABLE_NS_ASSERTIONS = NO;
				ENABLE_STRICT_OBJC_MSGSEND = YES;
				GCC_C_LANGUAGE_STANDARD = gnu99;
				GCC_WARN_64_TO_32_BIT_CONVERSION = YES;
				GCC_WARN_ABOUT_RETURN_TYPE = YES_ERROR;
				GCC_WARN_UNDECLARED_SELECTOR = YES;
				GCC_WARN_UNINITIALIZED_AUTOS = YES_AGGRESSIVE;
				GCC_WARN_UNUSED_FUNCTION = YES;
				GCC_WARN_UNUSED_VARIABLE = YES;
				IPHONEOS_DEPLOYMENT_TARGET = 8.0;
				MTL_ENABLE_DEBUG_INFO = NO;
				SDKROOT = iphoneos;
				VALIDATE_PRODUCT = YES;
			};
			name = Release;
		};
		B6BE312D1C2ECCD600C242CD /* Debug */ = {
			isa = XCBuildConfiguration;
			buildSettings = {
				ASSETCATALOG_COMPILER_APPICON_NAME = AppIcon;
				INFOPLIST_FILE = VoiceRecorder/Info.plist;
				LD_RUNPATH_SEARCH_PATHS = "$(inherited) @executable_path/Frameworks";
				PRODUCT_NAME = "$(TARGET_NAME)";
			};
			name = Debug;
		};
		B6BE312E1C2ECCD600C242CD /* Release */ = {
			isa = XCBuildConfiguration;
			buildSettings = {
				ASSETCATALOG_COMPILER_APPICON_NAME = AppIcon;
				INFOPLIST_FILE = VoiceRecorder/Info.plist;
				LD_RUNPATH_SEARCH_PATHS = "$(inherited) @executable_path/Frameworks";
				PRODUCT_NAME = "$(TARGET_NAME)";
			};
			name = Release;
		};
		B6BE31301C2ECCD600C242CD /* Debug */ = {
			isa = XCBuildConfiguration;
			buildSettings = {
				BUNDLE_LOADER = "$(TEST_HOST)";
				FRAMEWORK_SEARCH_PATHS = (
					"$(SDKROOT)/Developer/Library/Frameworks",
					"$(inherited)",
				);
				GCC_PREPROCESSOR_DEFINITIONS = (
					"DEBUG=1",
					"$(inherited)",
				);
				INFOPLIST_FILE = VoiceRecorderTests/Info.plist;
				LD_RUNPATH_SEARCH_PATHS = "$(inherited) @executable_path/Frameworks @loader_path/Frameworks";
				PRODUCT_NAME = "$(TARGET_NAME)";
				TEST_HOST = "$(BUILT_PRODUCTS_DIR)/VoiceRecorder.app/VoiceRecorder";
			};
			name = Debug;
		};
		B6BE31311C2ECCD600C242CD /* Release */ = {
			isa = XCBuildConfiguration;
			buildSettings = {
				BUNDLE_LOADER = "$(TEST_HOST)";
				FRAMEWORK_SEARCH_PATHS = (
					"$(SDKROOT)/Developer/Library/Frameworks",
					"$(inherited)",
				);
				INFOPLIST_FILE = VoiceRecorderTests/Info.plist;
				LD_RUNPATH_SEARCH_PATHS = "$(inherited) @executable_path/Frameworks @loader_path/Frameworks";
				PRODUCT_NAME = "$(TARGET_NAME)";
				TEST_HOST = "$(BUILT_PRODUCTS_DIR)/VoiceRecorder.app/VoiceRecorder";
			};
			name = Release;
		};
/* End XCBuildConfiguration section */

/* Begin XCConfigurationList section */
		B6BE31081C2ECCD600C242CD /* Build configuration list for PBXProject "VoiceRecorder" */ = {
			isa = XCConfigurationList;
			buildConfigurations = (
				B6BE312A1C2ECCD600C242CD /* Debug */,
				B6BE312B1C2ECCD600C242CD /* Release */,
			);
			defaultConfigurationIsVisible = 0;
			defaultConfigurationName = Release;
		};
		B6BE312C1C2ECCD600C242CD /* Build configuration list for PBXNativeTarget "VoiceRecorder" */ = {
			isa = XCConfigurationList;
			buildConfigurations = (
				B6BE312D1C2ECCD600C242CD /* Debug */,
				B6BE312E1C2ECCD600C242CD /* Release */,
			);
			defaultConfigurationIsVisible = 0;
			defaultConfigurationName = Release;
		};
		B6BE312F1C2ECCD600C242CD /* Build configuration list for PBXNativeTarget "VoiceRecorderTests" */ = {
			isa = XCConfigurationList;
			buildConfigurations = (
				B6BE31301C2ECCD600C242CD /* Debug */,
				B6BE31311C2ECCD600C242CD /* Release */,
			);
			defaultConfigurationIsVisible = 0;
			defaultConfigurationName = Release;
		};
/* End XCConfigurationList section */
	};
	rootObject = B6BE31051C2ECCD600C242CD /* Project object */;
}
